
Microsoft Visual Studio Solution File, Format Version 12.00
# Visual Studio 15
VisualStudioVersion = 15.0.28307.136
MinimumVisualStudioVersion = 10.0.40219.1
Project("{E24C65DC-7377-472B-9ABA-BC803B73C61A}") = "HTML tableau", "..\..\..\Documents\Resume\2020\HTML tableau\", "{2D2FDD3A-D2B5-4151-A4B4-5CCCCCFE6821}"
	ProjectSection(WebsiteProperties) = preProject
		TargetFrameworkMoniker = ".NETFramework,Version%3Dv4.0"
		Debug.AspNetCompiler.VirtualPath = "/localhost_59465"
		Debug.AspNetCompiler.PhysicalPath = "..\..\..\Documents\Resume\2020\HTML tableau\"
		Debug.AspNetCompiler.TargetPath = "PrecompiledWeb\localhost_59465\"
		Debug.AspNetCompiler.Updateable = "true"
		Debug.AspNetCompiler.ForceOverwrite = "true"
		Debug.AspNetCompiler.FixedNames = "false"
		Debug.AspNetCompiler.Debug = "True"
		Release.AspNetCompiler.VirtualPath = "/localhost_59465"
		Release.AspNetCompiler.PhysicalPath = "..\..\..\Documents\Resume\2020\HTML tableau\"
		Release.AspNetCompiler.TargetPath = "PrecompiledWeb\localhost_59465\"
		Release.AspNetCompiler.Updateable = "true"
		Release.AspNetCompiler.ForceOverwrite = "true"
		Release.AspNetCompiler.FixedNames = "false"
		Release.AspNetCompiler.Debug = "False"
		VWDPort = "59465"
	EndProjectSection
EndProject
Global
	GlobalSection(SolutionConfigurationPlatforms) = preSolution
		Debug|Any CPU = Debug|Any CPU
	EndGlobalSection
	GlobalSection(ProjectConfigurationPlatforms) = postSolution
		{2D2FDD3A-D2B5-4151-A4B4-5CCCCCFE6821}.Debug|Any CPU.ActiveCfg = Debug|Any CPU
		{2D2FDD3A-D2B5-4151-A4B4-5CCCCCFE6821}.Debug|Any CPU.Build.0 = Debug|Any CPU
	EndGlobalSection
	GlobalSection(SolutionProperties) = preSolution
		HideSolutionNode = FALSE
	EndGlobalSection
	GlobalSection(ExtensibilityGlobals) = postSolution
		SolutionGuid = {2022D5BC-0396-4B52-9816-56B0117C2519}
	EndGlobalSection
EndGlobal
